{
  "requires": true,
  "lockfileVersion": 1,
  "dependencies": {
    "types-registry": {
      "version": "0.1.473",
      "resolved": "https://registry.npmjs.org/types-registry/-/types-registry-0.1.473.tgz",
      "integrity": "sha512-+sOoT2eYtdUzPSJCYsvnNYYdcJ7i7eGDiZKIyxX+doaMADfbutVGwf4X5699RfloAcy2EttnD2x+aTqkzyR5PQ=="
    }
  }
}
